<?xml version="1.0" encoding="utf-8"?>
<Project ToolsVersion="4.0" xmlns="http://schemas.microsoft.com/developer/msbuild/2003">
  <ItemGroup>
    <Filter Include="Source Files">
      <UniqueIdentifier>{4FC737F1-C7A5-4376-A066-2A32D752A2FF}</UniqueIdentifier>
      <Extensions>cpp;c;cc;cxx;c++;cppm;ixx;def;odl;idl;hpj;bat;asm;asmx</Extensions>
    </Filter>
    <Filter Include="Header Files">
      <UniqueIdentifier>{93995380-89BD-4b04-88EB-625FBE52EBFB}</UniqueIdentifier>
      <Extensions>h;hh;hpp;hxx;h++;hm;inl;inc;ipp;xsd</Extensions>
    </Filter>
  </ItemGroup>
  <ItemGroup>
    <ClCompile Include="main.c">
      <Filter>Source Files</Filter>
    </ClCompile>
    <ClCompile Include="%28V3%29dataTypes.c">
      <Filter>Source Files</Filter>
    </ClCompile>
    <ClCompile Include="%28V4%29IO.c">
      <Filter>Source Files</Filter>
    </ClCompile>
    <ClCompile Include="%28V6%29Operators.c">
      <Filter>Source Files</Filter>
    </ClCompile>
    <ClCompile Include="%28V7%29TypeCon.c">
      <Filter>Source Files</Filter>
    </ClCompile>
    <ClCompile Include="%28V8%29BoolCompare.c">
      <Filter>Source Files</Filter>
    </ClCompile>
    <ClCompile Include="(V9)IfElse.c">
      <Filter>Source Files</Filter>
    </ClCompile>
    <ClCompile Include="(V10)ternaryOp.c">
      <Filter>Source Files</Filter>
    </ClCompile>
    <ClCompile Include="%28V11%29switchState.c">
      <Filter>Source Files</Filter>
    </ClCompile>
    <ClCompile Include="(V12)whileLoop.c">
      <Filter>Source Files</Filter>
    </ClCompile>
    <ClCompile Include="(V13)forLoop.c">
      <Filter>Source Files</Filter>
    </ClCompile>
    <ClCompile Include="(V14)breakContinue.c">
      <Filter>Source Files</Filter>
    </ClCompile>
    <ClCompile Include="(V15)Cfunctions.c">
      <Filter>Source Files</Filter>
    </ClCompile>
    <ClCompile Include="(V16)varScope.c">
      <Filter>Source Files</Filter>
    </ClCompile>
    <ClCompile Include="(V17)libraryFunction.c">
      <Filter>Source Files</Filter>
    </ClCompile>
    <ClCompile Include="(V18)recursion.c">
      <Filter>Source Files</Filter>
    </ClCompile>
    <ClCompile Include="(V19)Arrays.c">
      <Filter>Source Files</Filter>
    </ClCompile>
    <ClCompile Include="(V20)MultiArrays.c">
      <Filter>Source Files</Filter>
    </ClCompile>
    <ClCompile Include="(21)CStrings.c">
      <Filter>Source Files</Filter>
    </ClCompile>
    <ClCompile Include="(22)CStringFunc.c">
      <Filter>Source Files</Filter>
    </ClCompile>
    <ClCompile Include="(V23)Pointers.c">
      <Filter>Source Files</Filter>
    </ClCompile>
    <ClCompile Include="(V24)PointersAndArrays.c">
      <Filter>Source Files</Filter>
    </ClCompile>
    <ClCompile Include="(V25)PointersAndFunctions.c">
      <Filter>Source Files</Filter>
    </ClCompile>
    <ClCompile Include="(V26)CStruct.c">
      <Filter>Source Files</Filter>
    </ClCompile>
    <ClCompile Include="(V27)Enums.c">
      <Filter>Source Files</Filter>
    </ClCompile>
    <ClCompile Include="(V28)DynamicMemoryAllocation.c">
      <Filter>Source Files</Filter>
    </ClCompile>
    <ClCompile Include="(V29)CFileHandling.c">
      <Filter>Source Files</Filter>
    </ClCompile>
  </ItemGroup>
  <ItemGroup>
    <ClInclude Include="resource.h">
      <Filter>Header Files</Filter>
    </ClInclude>
  </ItemGroup>
  <ItemGroup>
    <ResourceCompile Include="HelloWorld.rc">
      <Filter>Source Files</Filter>
    </ResourceCompile>
  </ItemGroup>
</Project>